// !$*UTF8*$!
{
	archiveVersion = 1;
	classes = {
	};
	objectVersion = 56;
	objects = {

/* Begin PBXBuildFile section */
		2DA803222B347B180084317A /* OTPRequest.swift in Sources */ = {isa = PBXBuildFile; fileRef = 2DA803212B347B180084317A /* OTPRequest.swift */; };
		2DA803242B347BC90084317A /* OTPRequestResponse.swift in Sources */ = {isa = PBXBuildFile; fileRef = 2DA803232B347BC90084317A /* OTPRequestResponse.swift */; };
		2DA8D7F12B342BCF005FFBB7 /* LoginViewModel.swift in Sources */ = {isa = PBXBuildFile; fileRef = 2DA8D7F02B342BCF005FFBB7 /* LoginViewModel.swift */; };
		2DA8D7F62B343F29005FFBB7 /* AuthSession.swift in Sources */ = {isa = PBXBuildFile; fileRef = 2DA8D7F52B343F29005FFBB7 /* AuthSession.swift */; };
		2DAF383D2B303AAD00C0C760 /* EdilControliOSApp.swift in Sources */ = {isa = PBXBuildFile; fileRef = 2DAF383C2B303AAD00C0C760 /* EdilControliOSApp.swift */; };
		2DAF383F2B303AAD00C0C760 /* AuthView.swift in Sources */ = {isa = PBXBuildFile; fileRef = 2DAF383E2B303AAD00C0C760 /* AuthView.swift */; };
		2DAF38412B303AAE00C0C760 /* Assets.xcassets in Resources */ = {isa = PBXBuildFile; fileRef = 2DAF38402B303AAE00C0C760 /* Assets.xcassets */; };
		2DAF38452B303AAE00C0C760 /* Preview Assets.xcassets in Resources */ = {isa = PBXBuildFile; fileRef = 2DAF38442B303AAE00C0C760 /* Preview Assets.xcassets */; };
		2DAF384F2B303AAE00C0C760 /* EdilControliOSTests.swift in Sources */ = {isa = PBXBuildFile; fileRef = 2DAF384E2B303AAE00C0C760 /* EdilControliOSTests.swift */; };
		2DAF38592B303AAF00C0C760 /* EdilControliOSUITests.swift in Sources */ = {isa = PBXBuildFile; fileRef = 2DAF38582B303AAF00C0C760 /* EdilControliOSUITests.swift */; };
		2DAF385B2B303AAF00C0C760 /* EdilControliOSUITestsLaunchTests.swift in Sources */ = {isa = PBXBuildFile; fileRef = 2DAF385A2B303AAF00C0C760 /* EdilControliOSUITestsLaunchTests.swift */; };
/* End PBXBuildFile section */

/* Begin PBXContainerItemProxy section */
		2DAF384B2B303AAE00C0C760 /* PBXContainerItemProxy */ = {
			isa = PBXContainerItemProxy;
			containerPortal = 2DAF38312B303AAD00C0C760 /* Project object */;
			proxyType = 1;
			remoteGlobalIDString = 2DAF38382B303AAD00C0C760;
			remoteInfo = EdilControliOS;
		};
		2DAF38552B303AAF00C0C760 /* PBXContainerItemProxy */ = {
			isa = PBXContainerItemProxy;
			containerPortal = 2DAF38312B303AAD00C0C760 /* Project object */;
			proxyType = 1;
			remoteGlobalIDString = 2DAF38382B303AAD00C0C760;
			remoteInfo = EdilControliOS;
		};
/* End PBXContainerItemProxy section */

/* Begin PBXFileReference section */
		2DA803212B347B180084317A /* OTPRequest.swift */ = {isa = PBXFileReference; lastKnownFileType = sourcecode.swift; path = OTPRequest.swift; sourceTree = "<group>"; };
		2DA803232B347BC90084317A /* OTPRequestResponse.swift */ = {isa = PBXFileReference; lastKnownFileType = sourcecode.swift; path = OTPRequestResponse.swift; sourceTree = "<group>"; };
		2DA8D7F02B342BCF005FFBB7 /* LoginViewModel.swift */ = {isa = PBXFileReference; lastKnownFileType = sourcecode.swift; path = LoginViewModel.swift; sourceTree = "<group>"; };
		2DA8D7F52B343F29005FFBB7 /* AuthSession.swift */ = {isa = PBXFileReference; lastKnownFileType = sourcecode.swift; path = AuthSession.swift; sourceTree = "<group>"; };
		2DAF38392B303AAD00C0C760 /* EdilControliOS.app */ = {isa = PBXFileReference; explicitFileType = wrapper.application; includeInIndex = 0; path = EdilControliOS.app; sourceTree = BUILT_PRODUCTS_DIR; };
		2DAF383C2B303AAD00C0C760 /* EdilControliOSApp.swift */ = {isa = PBXFileReference; lastKnownFileType = sourcecode.swift; path = EdilControliOSApp.swift; sourceTree = "<group>"; };
		2DAF383E2B303AAD00C0C760 /* AuthView.swift */ = {isa = PBXFileReference; lastKnownFileType = sourcecode.swift; path = AuthView.swift; sourceTree = "<group>"; };
		2DAF38402B303AAE00C0C760 /* Assets.xcassets */ = {isa = PBXFileReference; lastKnownFileType = folder.assetcatalog; path = Assets.xcassets; sourceTree = "<group>"; };
		2DAF38422B303AAE00C0C760 /* EdilControliOS.entitlements */ = {isa = PBXFileReference; lastKnownFileType = text.plist.entitlements; path = EdilControliOS.entitlements; sourceTree = "<group>"; };
		2DAF38442B303AAE00C0C760 /* Preview Assets.xcassets */ = {isa = PBXFileReference; lastKnownFileType = folder.assetcatalog; path = "Preview Assets.xcassets"; sourceTree = "<group>"; };
		2DAF384A2B303AAE00C0C760 /* EdilControliOSTests.xctest */ = {isa = PBXFileReference; explicitFileType = wrapper.cfbundle; includeInIndex = 0; path = EdilControliOSTests.xctest; sourceTree = BUILT_PRODUCTS_DIR; };
		2DAF384E2B303AAE00C0C760 /* EdilControliOSTests.swift */ = {isa = PBXFileReference; lastKnownFileType = sourcecode.swift; path = EdilControliOSTests.swift; sourceTree = "<group>"; };
		2DAF38542B303AAF00C0C760 /* EdilControliOSUITests.xctest */ = {isa = PBXFileReference; explicitFileType = wrapper.cfbundle; includeInIndex = 0; path = EdilControliOSUITests.xctest; sourceTree = BUILT_PRODUCTS_DIR; };
		2DAF38582B303AAF00C0C760 /* EdilControliOSUITests.swift */ = {isa = PBXFileReference; lastKnownFileType = sourcecode.swift; path = EdilControliOSUITests.swift; sourceTree = "<group>"; };
		2DAF385A2B303AAF00C0C760 /* EdilControliOSUITestsLaunchTests.swift */ = {isa = PBXFileReference; lastKnownFileType = sourcecode.swift; path = EdilControliOSUITestsLaunchTests.swift; sourceTree = "<group>"; };
/* End PBXFileReference section */

/* Begin PBXFrameworksBuildPhase section */
		2DAF38362B303AAD00C0C760 /* Frameworks */ = {
			isa = PBXFrameworksBuildPhase;
			buildActionMask = 2147483647;
			files = (
			);
			runOnlyForDeploymentPostprocessing = 0;
		};
		2DAF38472B303AAE00C0C760 /* Frameworks */ = {
			isa = PBXFrameworksBuildPhase;
			buildActionMask = 2147483647;
			files = (
			);
			runOnlyForDeploymentPostprocessing = 0;
		};
		2DAF38512B303AAF00C0C760 /* Frameworks */ = {
			isa = PBXFrameworksBuildPhase;
			buildActionMask = 2147483647;
			files = (
			);
			runOnlyForDeploymentPostprocessing = 0;
		};
/* End PBXFrameworksBuildPhase section */

/* Begin PBXGroup section */
		2D1159332B3ECF56008A83AA /* View */ = {
			isa = PBXGroup;
			children = (
				2D1159342B3ECF5F008A83AA /* Auth */,
			);
			path = View;
			sourceTree = "<group>";
		};
		2D1159342B3ECF5F008A83AA /* Auth */ = {
			isa = PBXGroup;
			children = (
				2DAF383E2B303AAD00C0C760 /* AuthView.swift */,
			);
			path = Auth;
			sourceTree = "<group>";
		};
		2DA8D7EF2B342B9B005FFBB7 /* ViewModel */ = {
			isa = PBXGroup;
			children = (
				2DA8D7F02B342BCF005FFBB7 /* LoginViewModel.swift */,
			);
			path = ViewModel;
			sourceTree = "<group>";
		};
		2DA8D7F22B343839005FFBB7 /* Model */ = {
			isa = PBXGroup;
			children = (
				2DA8D7F32B343ECF005FFBB7 /* API */,
			);
			path = Model;
			sourceTree = "<group>";
		};
		2DA8D7F32B343ECF005FFBB7 /* API */ = {
			isa = PBXGroup;
			children = (
				2DA8D7F42B343EDB005FFBB7 /* Auth */,
			);
			path = API;
			sourceTree = "<group>";
		};
		2DA8D7F42B343EDB005FFBB7 /* Auth */ = {
			isa = PBXGroup;
			children = (
				2DA8D7F52B343F29005FFBB7 /* AuthSession.swift */,
				2DA803212B347B180084317A /* OTPRequest.swift */,
				2DA803232B347BC90084317A /* OTPRequestResponse.swift */,
			);
			path = Auth;
			sourceTree = "<group>";
		};
		2DAF38302B303AAD00C0C760 = {
			isa = PBXGroup;
			children = (
				2DAF383B2B303AAD00C0C760 /* EdilControliOS */,
				2DAF384D2B303AAE00C0C760 /* EdilControliOSTests */,
				2DAF38572B303AAF00C0C760 /* EdilControliOSUITests */,
				2DAF383A2B303AAD00C0C760 /* Products */,
			);
			sourceTree = "<group>";
		};
		2DAF383A2B303AAD00C0C760 /* Products */ = {
			isa = PBXGroup;
			children = (
				2DAF38392B303AAD00C0C760 /* EdilControliOS.app */,
				2DAF384A2B303AAE00C0C760 /* EdilControliOSTests.xctest */,
				2DAF38542B303AAF00C0C760 /* EdilControliOSUITests.xctest */,
			);
			name = Products;
			sourceTree = "<group>";
		};
		2DAF383B2B303AAD00C0C760 /* EdilControliOS */ = {
			isa = PBXGroup;
			children = (
				2D1159332B3ECF56008A83AA /* View */,
				2DA8D7F22B343839005FFBB7 /* Model */,
				2DA8D7EF2B342B9B005FFBB7 /* ViewModel */,
				2DAF383C2B303AAD00C0C760 /* EdilControliOSApp.swift */,
				2DAF38402B303AAE00C0C760 /* Assets.xcassets */,
				2DAF38422B303AAE00C0C760 /* EdilControliOS.entitlements */,
				2DAF38432B303AAE00C0C760 /* Preview Content */,
			);
			path = EdilControliOS;
			sourceTree = "<group>";
		};
		2DAF38432B303AAE00C0C760 /* Preview Content */ = {
			isa = PBXGroup;
			children = (
				2DAF38442B303AAE00C0C760 /* Preview Assets.xcassets */,
			);
			path = "Preview Content";
			sourceTree = "<group>";
		};
		2DAF384D2B303AAE00C0C760 /* EdilControliOSTests */ = {
			isa = PBXGroup;
			children = (
				2DAF384E2B303AAE00C0C760 /* EdilControliOSTests.swift */,
			);
			path = EdilControliOSTests;
			sourceTree = "<group>";
		};
		2DAF38572B303AAF00C0C760 /* EdilControliOSUITests */ = {
			isa = PBXGroup;
			children = (
				2DAF38582B303AAF00C0C760 /* EdilControliOSUITests.swift */,
				2DAF385A2B303AAF00C0C760 /* EdilControliOSUITestsLaunchTests.swift */,
			);
			path = EdilControliOSUITests;
			sourceTree = "<group>";
		};
/* End PBXGroup section */

/* Begin PBXNativeTarget section */
		2DAF38382B303AAD00C0C760 /* EdilControliOS */ = {
			isa = PBXNativeTarget;
			buildConfigurationList = 2DAF385E2B303AAF00C0C760 /* Build configuration list for PBXNativeTarget "EdilControliOS" */;
			buildPhases = (
				2DAF38352B303AAD00C0C760 /* Sources */,
				2DAF38362B303AAD00C0C760 /* Frameworks */,
				2DAF38372B303AAD00C0C760 /* Resources */,
			);
			buildRules = (
			);
			dependencies = (
			);
			name = EdilControliOS;
			productName = EdilControliOS;
			productReference = 2DAF38392B303AAD00C0C760 /* EdilControliOS.app */;
			productType = "com.apple.product-type.application";
		};
		2DAF38492B303AAE00C0C760 /* EdilControliOSTests */ = {
			isa = PBXNativeTarget;
			buildConfigurationList = 2DAF38612B303AAF00C0C760 /* Build configuration list for PBXNativeTarget "EdilControliOSTests" */;
			buildPhases = (
				2DAF38462B303AAE00C0C760 /* Sources */,
				2DAF38472B303AAE00C0C760 /* Frameworks */,
				2DAF38482B303AAE00C0C760 /* Resources */,
			);
			buildRules = (
			);
			dependencies = (
				2DAF384C2B303AAE00C0C760 /* PBXTargetDependency */,
			);
			name = EdilControliOSTests;
			productName = EdilControliOSTests;
			productReference = 2DAF384A2B303AAE00C0C760 /* EdilControliOSTests.xctest */;
			productType = "com.apple.product-type.bundle.unit-test";
		};
		2DAF38532B303AAF00C0C760 /* EdilControliOSUITests */ = {
			isa = PBXNativeTarget;
			buildConfigurationList = 2DAF38642B303AAF00C0C760 /* Build configuration list for PBXNativeTarget "EdilControliOSUITests" */;
			buildPhases = (
				2DAF38502B303AAF00C0C760 /* Sources */,
				2DAF38512B303AAF00C0C760 /* Frameworks */,
				2DAF38522B303AAF00C0C760 /* Resources */,
			);
			buildRules = (
			);
			dependencies = (
				2DAF38562B303AAF00C0C760 /* PBXTargetDependency */,
			);
			name = EdilControliOSUITests;
			productName = EdilControliOSUITests;
			productReference = 2DAF38542B303AAF00C0C760 /* EdilControliOSUITests.xctest */;
			productType = "com.apple.product-type.bundle.ui-testing";
		};
/* End PBXNativeTarget section */

/* Begin PBXProject section */
		2DAF38312B303AAD00C0C760 /* Project object */ = {
			isa = PBXProject;
			attributes = {
				BuildIndependentTargetsInParallel = 1;
				LastSwiftUpdateCheck = 1430;
				LastUpgradeCheck = 1430;
				TargetAttributes = {
					2DAF38382B303AAD00C0C760 = {
						CreatedOnToolsVersion = 14.3.1;
					};
					2DAF38492B303AAE00C0C760 = {
						CreatedOnToolsVersion = 14.3.1;
						TestTargetID = 2DAF38382B303AAD00C0C760;
					};
					2DAF38532B303AAF00C0C760 = {
						CreatedOnToolsVersion = 14.3.1;
						TestTargetID = 2DAF38382B303AAD00C0C760;
					};
				};
			};
			buildConfigurationList = 2DAF38342B303AAD00C0C760 /* Build configuration list for PBXProject "EdilControliOS" */;
			compatibilityVersion = "Xcode 14.0";
			developmentRegion = en;
			hasScannedForEncodings = 0;
			knownRegions = (
				en,
				Base,
			);
			mainGroup = 2DAF38302B303AAD00C0C760;
			productRefGroup = 2DAF383A2B303AAD00C0C760 /* Products */;
			projectDirPath = "";
			projectRoot = "";
			targets = (
				2DAF38382B303AAD00C0C760 /* EdilControliOS */,
				2DAF38492B303AAE00C0C760 /* EdilControliOSTests */,
				2DAF38532B303AAF00C0C760 /* EdilControliOSUITests */,
			);
		};
/* End PBXProject section */

/* Begin PBXResourcesBuildPhase section */
		2DAF38372B303AAD00C0C760 /* Resources */ = {
			isa = PBXResourcesBuildPhase;
			buildActionMask = 2147483647;
			files = (
				2DAF38452B303AAE00C0C760 /* Preview Assets.xcassets in Resources */,
				2DAF38412B303AAE00C0C760 /* Assets.xcassets in Resources */,
			);
			runOnlyForDeploymentPostprocessing = 0;
		};
		2DAF38482B303AAE00C0C760 /* Resources */ = {
			isa = PBXResourcesBuildPhase;
			buildActionMask = 2147483647;
			files = (
			);
			runOnlyForDeploymentPostprocessing = 0;
		};
		2DAF38522B303AAF00C0C760 /* Resources */ = {
			isa = PBXResourcesBuildPhase;
			buildActionMask = 2147483647;
			files = (
			);
			runOnlyForDeploymentPostprocessing = 0;
		};
/* End PBXResourcesBuildPhase section */

/* Begin PBXSourcesBuildPhase section */
		2DAF38352B303AAD00C0C760 /* Sources */ = {
			isa = PBXSourcesBuildPhase;
			buildActionMask = 2147483647;
			files = (
				2DAF383F2B303AAD00C0C760 /* AuthView.swift in Sources */,
				2DA8D7F12B342BCF005FFBB7 /* LoginViewModel.swift in Sources */,
				2DA803242B347BC90084317A /* OTPRequestResponse.swift in Sources */,
				2DA8D7F62B343F29005FFBB7 /* AuthSession.swift in Sources */,
				2DA803222B347B180084317A /* OTPRequest.swift in Sources */,
				2DAF383D2B303AAD00C0C760 /* EdilControliOSApp.swift in Sources */,
			);
			runOnlyForDeploymentPostprocessing = 0;
		};
		2DAF38462B303AAE00C0C760 /* Sources */ = {
			isa = PBXSourcesBuildPhase;
			buildActionMask = 2147483647;
			files = (
				2DAF384F2B303AAE00C0C760 /* EdilControliOSTests.swift in Sources */,
			);
			runOnlyForDeploymentPostprocessing = 0;
		};
		2DAF38502B303AAF00C0C760 /* Sources */ = {
			isa = PBXSourcesBuildPhase;
			buildActionMask = 2147483647;
			files = (
				2DAF385B2B303AAF00C0C760 /* EdilControliOSUITestsLaunchTests.swift in Sources */,
				2DAF38592B303AAF00C0C760 /* EdilControliOSUITests.swift in Sources */,
			);
			runOnlyForDeploymentPostprocessing = 0;
		};
/* End PBXSourcesBuildPhase section */

/* Begin PBXTargetDependency section */
		2DAF384C2B303AAE00C0C760 /* PBXTargetDependency */ = {
			isa = PBXTargetDependency;
			target = 2DAF38382B303AAD00C0C760 /* EdilControliOS */;
			targetProxy = 2DAF384B2B303AAE00C0C760 /* PBXContainerItemProxy */;
		};
		2DAF38562B303AAF00C0C760 /* PBXTargetDependency */ = {
			isa = PBXTargetDependency;
			target = 2DAF38382B303AAD00C0C760 /* EdilControliOS */;
			targetProxy = 2DAF38552B303AAF00C0C760 /* PBXContainerItemProxy */;
		};
/* End PBXTargetDependency section */

/* Begin XCBuildConfiguration section */
		2DAF385C2B303AAF00C0C760 /* Debug */ = {
			isa = XCBuildConfiguration;
			buildSettings = {
				ALWAYS_SEARCH_USER_PATHS = NO;
				CLANG_ANALYZER_NONNULL = YES;
				CLANG_ANALYZER_NUMBER_OBJECT_CONVERSION = YES_AGGRESSIVE;
				CLANG_CXX_LANGUAGE_STANDARD = "gnu++20";
				CLANG_ENABLE_MODULES = YES;
				CLANG_ENABLE_OBJC_ARC = YES;
				CLANG_ENABLE_OBJC_WEAK = YES;
				CLANG_WARN_BLOCK_CAPTURE_AUTORELEASING = YES;
				CLANG_WARN_BOOL_CONVERSION = YES;
				CLANG_WARN_COMMA = YES;
				CLANG_WARN_CONSTANT_CONVERSION = YES;
				CLANG_WARN_DEPRECATED_OBJC_IMPLEMENTATIONS = YES;
				CLANG_WARN_DIRECT_OBJC_ISA_USAGE = YES_ERROR;
				CLANG_WARN_DOCUMENTATION_COMMENTS = YES;
				CLANG_WARN_EMPTY_BODY = YES;
				CLANG_WARN_ENUM_CONVERSION = YES;
				CLANG_WARN_INFINITE_RECURSION = YES;
				CLANG_WARN_INT_CONVERSION = YES;
				CLANG_WARN_NON_LITERAL_NULL_CONVERSION = YES;
				CLANG_WARN_OBJC_IMPLICIT_RETAIN_SELF = YES;
				CLANG_WARN_OBJC_LITERAL_CONVERSION = YES;
				CLANG_WARN_OBJC_ROOT_CLASS = YES_ERROR;
				CLANG_WARN_QUOTED_INCLUDE_IN_FRAMEWORK_HEADER = YES;
				CLANG_WARN_RANGE_LOOP_ANALYSIS = YES;
				CLANG_WARN_STRICT_PROTOTYPES = YES;
				CLANG_WARN_SUSPICIOUS_MOVE = YES;
				CLANG_WARN_UNGUARDED_AVAILABILITY = YES_AGGRESSIVE;
				CLANG_WARN_UNREACHABLE_CODE = YES;
				CLANG_WARN__DUPLICATE_METHOD_MATCH = YES;
				COPY_PHASE_STRIP = NO;
				DEBUG_INFORMATION_FORMAT = dwarf;
				ENABLE_STRICT_OBJC_MSGSEND = YES;
				ENABLE_TESTABILITY = YES;
				GCC_C_LANGUAGE_STANDARD = gnu11;
				GCC_DYNAMIC_NO_PIC = NO;
				GCC_NO_COMMON_BLOCKS = YES;
				GCC_OPTIMIZATION_LEVEL = 0;
				GCC_PREPROCESSOR_DEFINITIONS = (
					"DEBUG=1",
					"$(inherited)",
				);
				GCC_WARN_64_TO_32_BIT_CONVERSION = YES;
				GCC_WARN_ABOUT_RETURN_TYPE = YES_ERROR;
				GCC_WARN_UNDECLARED_SELECTOR = YES;
				GCC_WARN_UNINITIALIZED_AUTOS = YES_AGGRESSIVE;
				GCC_WARN_UNUSED_FUNCTION = YES;
				GCC_WARN_UNUSED_VARIABLE = YES;
				MTL_ENABLE_DEBUG_INFO = INCLUDE_SOURCE;
				MTL_FAST_MATH = YES;
				ONLY_ACTIVE_ARCH = YES;
				SWIFT_ACTIVE_COMPILATION_CONDITIONS = DEBUG;
				SWIFT_OPTIMIZATION_LEVEL = "-Onone";
			};
			name = Debug;
		};
		2DAF385D2B303AAF00C0C760 /* Release */ = {
			isa = XCBuildConfiguration;
			buildSettings = {
				ALWAYS_SEARCH_USER_PATHS = NO;
				CLANG_ANALYZER_NONNULL = YES;
				CLANG_ANALYZER_NUMBER_OBJECT_CONVERSION = YES_AGGRESSIVE;
				CLANG_CXX_LANGUAGE_STANDARD = "gnu++20";
				CLANG_ENABLE_MODULES = YES;
				CLANG_ENABLE_OBJC_ARC = YES;
				CLANG_ENABLE_OBJC_WEAK = YES;
				CLANG_WARN_BLOCK_CAPTURE_AUTORELEASING = YES;
				CLANG_WARN_BOOL_CONVERSION = YES;
				CLANG_WARN_COMMA = YES;
				CLANG_WARN_CONSTANT_CONVERSION = YES;
				CLANG_WARN_DEPRECATED_OBJC_IMPLEMENTATIONS = YES;
				CLANG_WARN_DIRECT_OBJC_ISA_USAGE = YES_ERROR;
				CLANG_WARN_DOCUMENTATION_COMMENTS = YES;
				CLANG_WARN_EMPTY_BODY = YES;
				CLANG_WARN_ENUM_CONVERSION = YES;
				CLANG_WARN_INFINITE_RECURSION = YES;
				CLANG_WARN_INT_CONVERSION = YES;
				CLANG_WARN_NON_LITERAL_NULL_CONVERSION = YES;
				CLANG_WARN_OBJC_IMPLICIT_RETAIN_SELF = YES;
				CLANG_WARN_OBJC_LITERAL_CONVERSION = YES;
				CLANG_WARN_OBJC_ROOT_CLASS = YES_ERROR;
				CLANG_WARN_QUOTED_INCLUDE_IN_FRAMEWORK_HEADER = YES;
				CLANG_WARN_RANGE_LOOP_ANALYSIS = YES;
				CLANG_WARN_STRICT_PROTOTYPES = YES;
				CLANG_WARN_SUSPICIOUS_MOVE = YES;
				CLANG_WARN_UNGUARDED_AVAILABILITY = YES_AGGRESSIVE;
				CLANG_WARN_UNREACHABLE_CODE = YES;
				CLANG_WARN__DUPLICATE_METHOD_MATCH = YES;
				COPY_PHASE_STRIP = NO;
				DEBUG_INFORMATION_FORMAT = "dwarf-with-dsym";
				ENABLE_NS_ASSERTIONS = NO;
				ENABLE_STRICT_OBJC_MSGSEND = YES;
				GCC_C_LANGUAGE_STANDARD = gnu11;
				GCC_NO_COMMON_BLOCKS = YES;
				GCC_WARN_64_TO_32_BIT_CONVERSION = YES;
				GCC_WARN_ABOUT_RETURN_TYPE = YES_ERROR;
				GCC_WARN_UNDECLARED_SELECTOR = YES;
				GCC_WARN_UNINITIALIZED_AUTOS = YES_AGGRESSIVE;
				GCC_WARN_UNUSED_FUNCTION = YES;
				GCC_WARN_UNUSED_VARIABLE = YES;
				MTL_ENABLE_DEBUG_INFO = NO;
				MTL_FAST_MATH = YES;
				SWIFT_COMPILATION_MODE = wholemodule;
				SWIFT_OPTIMIZATION_LEVEL = "-O";
			};
			name = Release;
		};
		2DAF385F2B303AAF00C0C760 /* Debug */ = {
			isa = XCBuildConfiguration;
			buildSettings = {
				ASSETCATALOG_COMPILER_APPICON_NAME = AppIcon;
				ASSETCATALOG_COMPILER_GLOBAL_ACCENT_COLOR_NAME = AccentColor;
				CODE_SIGN_ENTITLEMENTS = EdilControliOS/EdilControliOS.entitlements;
				CODE_SIGN_STYLE = Automatic;
				CURRENT_PROJECT_VERSION = 1;
				DEVELOPMENT_ASSET_PATHS = "\"EdilControliOS/Preview Content\"";
				DEVELOPMENT_TEAM = P9YZH3SZ85;
				ENABLE_HARDENED_RUNTIME = YES;
				ENABLE_PREVIEWS = YES;
				GENERATE_INFOPLIST_FILE = YES;
				"INFOPLIST_KEY_UIApplicationSceneManifest_Generation[sdk=iphoneos*]" = YES;
				"INFOPLIST_KEY_UIApplicationSceneManifest_Generation[sdk=iphonesimulator*]" = YES;
				"INFOPLIST_KEY_UIApplicationSupportsIndirectInputEvents[sdk=iphoneos*]" = YES;
				"INFOPLIST_KEY_UIApplicationSupportsIndirectInputEvents[sdk=iphonesimulator*]" = YES;
				"INFOPLIST_KEY_UILaunchScreen_Generation[sdk=iphoneos*]" = YES;
				"INFOPLIST_KEY_UILaunchScreen_Generation[sdk=iphonesimulator*]" = YES;
				"INFOPLIST_KEY_UIStatusBarStyle[sdk=iphoneos*]" = UIStatusBarStyleDefault;
				"INFOPLIST_KEY_UIStatusBarStyle[sdk=iphonesimulator*]" = UIStatusBarStyleDefault;
				INFOPLIST_KEY_UISupportedInterfaceOrientations_iPad = "UIInterfaceOrientationPortrait UIInterfaceOrientationPortraitUpsideDown UIInterfaceOrientationLandscapeLeft UIInterfaceOrientationLandscapeRight";
				INFOPLIST_KEY_UISupportedInterfaceOrientations_iPhone = "UIInterfaceOrientationPortrait UIInterfaceOrientationLandscapeLeft UIInterfaceOrientationLandscapeRight";
				IPHONEOS_DEPLOYMENT_TARGET = 16.4;
				LD_RUNPATH_SEARCH_PATHS = "@executable_path/Frameworks";
				"LD_RUNPATH_SEARCH_PATHS[sdk=macosx*]" = "@executable_path/../Frameworks";
				MACOSX_DEPLOYMENT_TARGET = 13.2;
				MARKETING_VERSION = 1.0;
				PRODUCT_BUNDLE_IDENTIFIER = com.goodcode.test.ch.EdilControliOS;
				PRODUCT_NAME = "$(TARGET_NAME)";
				SDKROOT = auto;
				SUPPORTED_PLATFORMS = "iphoneos iphonesimulator macosx";
				SWIFT_EMIT_LOC_STRINGS = YES;
				SWIFT_VERSION = 5.0;
				TARGETED_DEVICE_FAMILY = "1,2";
			};
			name = Debug;
		};
		2DAF38602B303AAF00C0C760 /* Release */ = {
			isa = XCBuildConfiguration;
			buildSettings = {
				ASSETCATALOG_COMPILER_APPICON_NAME = AppIcon;
				ASSETCATALOG_COMPILER_GLOBAL_ACCENT_COLOR_NAME = AccentColor;
				CODE_SIGN_ENTITLEMENTS = EdilControliOS/EdilControliOS.entitlements;
				CODE_SIGN_STYLE = Automatic;
				CURRENT_PROJECT_VERSION = 1;
				DEVELOPMENT_ASSET_PATHS = "\"EdilControliOS/Preview Content\"";
				DEVELOPMENT_TEAM = P9YZH3SZ85;
				ENABLE_HARDENED_RUNTIME = YES;
				ENABLE_PREVIEWS = YES;
				GENERATE_INFOPLIST_FILE = YES;
				"INFOPLIST_KEY_UIApplicationSceneManifest_Generation[sdk=iphoneos*]" = YES;
				"INFOPLIST_KEY_UIApplicationSceneManifest_Generation[sdk=iphonesimulator*]" = YES;
				"INFOPLIST_KEY_UIApplicationSupportsIndirectInputEvents[sdk=iphoneos*]" = YES;
				"INFOPLIST_KEY_UIApplicationSupportsIndirectInputEvents[sdk=iphonesimulator*]" = YES;
				"INFOPLIST_KEY_UILaunchScreen_Generation[sdk=iphoneos*]" = YES;
				"INFOPLIST_KEY_UILaunchScreen_Generation[sdk=iphonesimulator*]" = YES;
				"INFOPLIST_KEY_UIStatusBarStyle[sdk=iphoneos*]" = UIStatusBarStyleDefault;
				"INFOPLIST_KEY_UIStatusBarStyle[sdk=iphonesimulator*]" = UIStatusBarStyleDefault;
				INFOPLIST_KEY_UISupportedInterfaceOrientations_iPad = "UIInterfaceOrientationPortrait UIInterfaceOrientationPortraitUpsideDown UIInterfaceOrientationLandscapeLeft UIInterfaceOrientationLandscapeRight";
				INFOPLIST_KEY_UISupportedInterfaceOrientations_iPhone = "UIInterfaceOrientationPortrait UIInterfaceOrientationLandscapeLeft UIInterfaceOrientationLandscapeRight";
				IPHONEOS_DEPLOYMENT_TARGET = 16.4;
				LD_RUNPATH_SEARCH_PATHS = "@executable_path/Frameworks";
				"LD_RUNPATH_SEARCH_PATHS[sdk=macosx*]" = "@executable_path/../Frameworks";
				MACOSX_DEPLOYMENT_TARGET = 13.2;
				MARKETING_VERSION = 1.0;
				PRODUCT_BUNDLE_IDENTIFIER = com.goodcode.test.ch.EdilControliOS;
				PRODUCT_NAME = "$(TARGET_NAME)";
				SDKROOT = auto;
				SUPPORTED_PLATFORMS = "iphoneos iphonesimulator macosx";
				SWIFT_EMIT_LOC_STRINGS = YES;
				SWIFT_VERSION = 5.0;
				TARGETED_DEVICE_FAMILY = "1,2";
			};
			name = Release;
		};
		2DAF38622B303AAF00C0C760 /* Debug */ = {
			isa = XCBuildConfiguration;
			buildSettings = {
				ALWAYS_EMBED_SWIFT_STANDARD_LIBRARIES = YES;
				BUNDLE_LOADER = "$(TEST_HOST)";
				CODE_SIGN_STYLE = Automatic;
				CURRENT_PROJECT_VERSION = 1;
				DEVELOPMENT_TEAM = P9YZH3SZ85;
				GENERATE_INFOPLIST_FILE = YES;
				IPHONEOS_DEPLOYMENT_TARGET = 16.4;
				MACOSX_DEPLOYMENT_TARGET = 13.2;
				MARKETING_VERSION = 1.0;
				PRODUCT_BUNDLE_IDENTIFIER = com.goodcode.test.ch.EdilControliOSTests;
				PRODUCT_NAME = "$(TARGET_NAME)";
				SDKROOT = auto;
				SUPPORTED_PLATFORMS = "iphoneos iphonesimulator macosx";
				SWIFT_EMIT_LOC_STRINGS = NO;
				SWIFT_VERSION = 5.0;
				TARGETED_DEVICE_FAMILY = "1,2";
				TEST_HOST = "$(BUILT_PRODUCTS_DIR)/EdilControliOS.app/$(BUNDLE_EXECUTABLE_FOLDER_PATH)/EdilControliOS";
			};
			name = Debug;
		};
		2DAF38632B303AAF00C0C760 /* Release */ = {
			isa = XCBuildConfiguration;
			buildSettings = {
				ALWAYS_EMBED_SWIFT_STANDARD_LIBRARIES = YES;
				BUNDLE_LOADER = "$(TEST_HOST)";
				CODE_SIGN_STYLE = Automatic;
				CURRENT_PROJECT_VERSION = 1;
				DEVELOPMENT_TEAM = P9YZH3SZ85;
				GENERATE_INFOPLIST_FILE = YES;
				IPHONEOS_DEPLOYMENT_TARGET = 16.4;
				MACOSX_DEPLOYMENT_TARGET = 13.2;
				MARKETING_VERSION = 1.0;
				PRODUCT_BUNDLE_IDENTIFIER = com.goodcode.test.ch.EdilControliOSTests;
				PRODUCT_NAME = "$(TARGET_NAME)";
				SDKROOT = auto;
				SUPPORTED_PLATFORMS = "iphoneos iphonesimulator macosx";
				SWIFT_EMIT_LOC_STRINGS = NO;
				SWIFT_VERSION = 5.0;
				TARGETED_DEVICE_FAMILY = "1,2";
				TEST_HOST = "$(BUILT_PRODUCTS_DIR)/EdilControliOS.app/$(BUNDLE_EXECUTABLE_FOLDER_PATH)/EdilControliOS";
			};
			name = Release;
		};
		2DAF38652B303AAF00C0C760 /* Debug */ = {
			isa = XCBuildConfiguration;
			buildSettings = {
				ALWAYS_EMBED_SWIFT_STANDARD_LIBRARIES = YES;
				CODE_SIGN_STYLE = Automatic;
				CURRENT_PROJECT_VERSION = 1;
				DEVELOPMENT_TEAM = P9YZH3SZ85;
				GENERATE_INFOPLIST_FILE = YES;
				IPHONEOS_DEPLOYMENT_TARGET = 16.4;
				MACOSX_DEPLOYMENT_TARGET = 13.2;
				MARKETING_VERSION = 1.0;
				PRODUCT_BUNDLE_IDENTIFIER = com.goodcode.test.ch.EdilControliOSUITests;
				PRODUCT_NAME = "$(TARGET_NAME)";
				SDKROOT = auto;
				SUPPORTED_PLATFORMS = "iphoneos iphonesimulator macosx";
				SWIFT_EMIT_LOC_STRINGS = NO;
				SWIFT_VERSION = 5.0;
				TARGETED_DEVICE_FAMILY = "1,2";
				TEST_TARGET_NAME = EdilControliOS;
			};
			name = Debug;
		};
		2DAF38662B303AAF00C0C760 /* Release */ = {
			isa = XCBuildConfiguration;
			buildSettings = {
				ALWAYS_EMBED_SWIFT_STANDARD_LIBRARIES = YES;
				CODE_SIGN_STYLE = Automatic;
				CURRENT_PROJECT_VERSION = 1;
				DEVELOPMENT_TEAM = P9YZH3SZ85;
				GENERATE_INFOPLIST_FILE = YES;
				IPHONEOS_DEPLOYMENT_TARGET = 16.4;
				MACOSX_DEPLOYMENT_TARGET = 13.2;
				MARKETING_VERSION = 1.0;
				PRODUCT_BUNDLE_IDENTIFIER = com.goodcode.test.ch.EdilControliOSUITests;
				PRODUCT_NAME = "$(TARGET_NAME)";
				SDKROOT = auto;
				SUPPORTED_PLATFORMS = "iphoneos iphonesimulator macosx";
				SWIFT_EMIT_LOC_STRINGS = NO;
				SWIFT_VERSION = 5.0;
				TARGETED_DEVICE_FAMILY = "1,2";
				TEST_TARGET_NAME = EdilControliOS;
			};
			name = Release;
		};
/* End XCBuildConfiguration section */

/* Begin XCConfigurationList section */
		2DAF38342B303AAD00C0C760 /* Build configuration list for PBXProject "EdilControliOS" */ = {
			isa = XCConfigurationList;
			buildConfigurations = (
				2DAF385C2B303AAF00C0C760 /* Debug */,
				2DAF385D2B303AAF00C0C760 /* Release */,
			);
			defaultConfigurationIsVisible = 0;
			defaultConfigurationName = Release;
		};
		2DAF385E2B303AAF00C0C760 /* Build configuration list for PBXNativeTarget "EdilControliOS" */ = {
			isa = XCConfigurationList;
			buildConfigurations = (
				2DAF385F2B303AAF00C0C760 /* Debug */,
				2DAF38602B303AAF00C0C760 /* Release */,
			);
			defaultConfigurationIsVisible = 0;
			defaultConfigurationName = Release;
		};
		2DAF38612B303AAF00C0C760 /* Build configuration list for PBXNativeTarget "EdilControliOSTests" */ = {
			isa = XCConfigurationList;
			buildConfigurations = (
				2DAF38622B303AAF00C0C760 /* Debug */,
				2DAF38632B303AAF00C0C760 /* Release */,
			);
			defaultConfigurationIsVisible = 0;
			defaultConfigurationName = Release;
		};
		2DAF38642B303AAF00C0C760 /* Build configuration list for PBXNativeTarget "EdilControliOSUITests" */ = {
			isa = XCConfigurationList;
			buildConfigurations = (
				2DAF38652B303AAF00C0C760 /* Debug */,
				2DAF38662B303AAF00C0C760 /* Release */,
			);
			defaultConfigurationIsVisible = 0;
			defaultConfigurationName = Release;
		};
/* End XCConfigurationList section */
	};
	rootObject = 2DAF38312B303AAD00C0C760 /* Project object */;
}
